<?xml version="1.0" encoding="utf-8"?>
<Project ToolsVersion="4.0" xmlns="http://schemas.microsoft.com/developer/msbuild/2003">
  <ItemGroup>
    <Filter Include="ImGUI">
      <UniqueIdentifier>{cd28666e-4e49-447e-80aa-c0693807f7f5}</UniqueIdentifier>
    </Filter>
    <Filter Include="Tutorials">
      <UniqueIdentifier>{8aa7fce1-ce1f-4d76-a328-e23619711d02}</UniqueIdentifier>
    </Filter>
  </ItemGroup>
  <ItemGroup>
    <ClInclude Include="src\Camera.h" />
    <ClInclude Include="src\Gizmos.h" />
    <ClInclude Include="src\gl_core_4_4.h" />
    <ClInclude Include="src\Timer.h" />
    <ClInclude Include="src\BaseApplication.h" />
    <ClInclude Include="src\ImGUI\imgui.h">
      <Filter>ImGUI</Filter>
    </ClInclude>
    <ClInclude Include="src\ImGUI\imgui_impl_glfw_gl3.h">
      <Filter>ImGUI</Filter>
    </ClInclude>
    <ClInclude Include="src\ImGUI\imgui_internal.h">
      <Filter>ImGUI</Filter>
    </ClInclude>
    <ClInclude Include="src\ImGUI\imconfig.h">
      <Filter>ImGUI</Filter>
    </ClInclude>
    <ClInclude Include="src\Tutorials\RenderingGeometry.h">
      <Filter>Tutorials</Filter>
    </ClInclude>
    <ClInclude Include="src\Asset.h" />
    <ClInclude Include="src\GLAsset.h" />
    <ClInclude Include="src\Shader.h" />
    <ClInclude Include="src\ShaderProgram.h" />
    <ClInclude Include="src\Utils.h" />
    <ClInclude Include="src\Particle.h" />
    <ClInclude Include="src\ParticleEmitter.h" />
    <ClInclude Include="src\GLRenderer.h" />
    <ClInclude Include="src\VertexArrayObject.h" />
    <ClInclude Include="src\VertexBufferObject.h" />
    <ClInclude Include="src\RenderData.h" />
    <ClInclude Include="src\Grid.h" />
    <ClInclude Include="src\TexturedGrid.h" />
    <ClInclude Include="src\Texture.h" />
    <ClInclude Include="src\Material.h" />
    <ClInclude Include="src\Mesh.h" />
    <ClInclude Include="src\BoundingSphere.h" />
    <ClInclude Include="src\Tutorials\AdvancedTexturing.h" />
    <ClInclude Include="src\Tutorials\ComputerGraphics.h">
      <Filter>Tutorials</Filter>
    </ClInclude>
    <ClInclude Include="src\Transform.h" />
    <ClInclude Include="src\Quaternion.h" />
  </ItemGroup>
  <ItemGroup>
    <ClCompile Include="src\Gizmos.cpp" />
    <ClCompile Include="src\gl_core_4_4.c" />
    <ClCompile Include="src\main.cpp" />
    <ClCompile Include="src\BaseApplication.cpp" />
    <ClCompile Include="src\Camera.cpp" />
    <ClCompile Include="src\ImGUI\imgui_draw.cpp">
      <Filter>ImGUI</Filter>
    </ClCompile>
    <ClCompile Include="src\ImGUI\imgui_impl_glfw_gl3.cpp">
      <Filter>ImGUI</Filter>
    </ClCompile>
    <ClCompile Include="src\ImGUI\imgui.cpp">
      <Filter>ImGUI</Filter>
    </ClCompile>
    <ClCompile Include="src\Tutorials\RenderingGeometry.cpp">
      <Filter>Tutorials</Filter>
    </ClCompile>
    <ClCompile Include="src\Asset.cpp" />
    <ClCompile Include="src\GLAsset.cpp" />
    <ClCompile Include="src\Shader.cpp" />
    <ClCompile Include="src\ShaderProgram.cpp" />
    <ClCompile Include="src\Utils.cpp" />
    <ClCompile Include="src\Particle.cpp" />
    <ClCompile Include="src\ParticleEmitter.cpp" />
    <ClCompile Include="src\GLRenderer.cpp" />
    <ClCompile Include="src\VertexArrayObject.cpp" />
    <ClCompile Include="src\VertexBufferObject.cpp" />
    <ClCompile Include="src\RenderData.cpp" />
    <ClCompile Include="src\Grid.cpp" />
    <ClCompile Include="src\TexturedGrid.cpp" />
    <ClCompile Include="src\Texture.cpp" />
    <ClCompile Include="src\Material.cpp" />
    <ClCompile Include="src\Mesh.cpp" />
    <ClCompile Include="src\BoundingSphere.cpp" />
    <ClCompile Include="src\Tutorials\AdvancedTexturing.cpp" />
    <ClCompile Include="src\Tutorials\ComputerGraphics.cpp">
      <Filter>Tutorials</Filter>
    </ClCompile>
    <ClCompile Include="src\Transform.cpp" />
    <ClCompile Include="src\Quaternion.cpp" />
  </ItemGroup>
</Project>